// !$*UTF8*$!
{
	archiveVersion = 1;
	classes = {
	};
	objectVersion = 77;
	objects = {

/* Begin PBXContainerItemProxy section */
		5F6283192DE7564D00E6E00D /* PBXContainerItemProxy */ = {
			isa = PBXContainerItemProxy;
			containerPortal = 5F6283032DE7564A00E6E00D /* Project object */;
			proxyType = 1;
			remoteGlobalIDString = 5F62830A2DE7564A00E6E00D;
			remoteInfo = ios_app_peluquerias;
		};
		5F6283232DE7564D00E6E00D /* PBXContainerItemProxy */ = {
			isa = PBXContainerItemProxy;
			containerPortal = 5F6283032DE7564A00E6E00D /* Project object */;
			proxyType = 1;
			remoteGlobalIDString = 5F62830A2DE7564A00E6E00D;
			remoteInfo = ios_app_peluquerias;
		};
/* End PBXContainerItemProxy section */

/* Begin PBXFileReference section */
		5F62830B2DE7564A00E6E00D /* ios_app_peluquerias.app */ = {isa = PBXFileReference; explicitFileType = wrapper.application; includeInIndex = 0; path = ios_app_peluquerias.app; sourceTree = BUILT_PRODUCTS_DIR; };
		5F6283182DE7564D00E6E00D /* ios_app_peluqueriasTests.xctest */ = {isa = PBXFileReference; explicitFileType = wrapper.cfbundle; includeInIndex = 0; path = ios_app_peluqueriasTests.xctest; sourceTree = BUILT_PRODUCTS_DIR; };
		5F6283222DE7564D00E6E00D /* ios_app_peluqueriasUITests.xctest */ = {isa = PBXFileReference; explicitFileType = wrapper.cfbundle; includeInIndex = 0; path = ios_app_peluqueriasUITests.xctest; sourceTree = BUILT_PRODUCTS_DIR; };
/* End PBXFileReference section */

/* Begin PBXFileSystemSynchronizedRootGroup section */
		5F62830D2DE7564A00E6E00D /* ios_app_peluquerias */ = {
			isa = PBXFileSystemSynchronizedRootGroup;
			path = ios_app_peluquerias;
			sourceTree = "<group>";
		};
		5F62831B2DE7564D00E6E00D /* ios_app_peluqueriasTests */ = {
			isa = PBXFileSystemSynchronizedRootGroup;
			path = ios_app_peluqueriasTests;
			sourceTree = "<group>";
		};
		5F6283252DE7564D00E6E00D /* ios_app_peluqueriasUITests */ = {
			isa = PBXFileSystemSynchronizedRootGroup;
			path = ios_app_peluqueriasUITests;
			sourceTree = "<group>";
		};
/* End PBXFileSystemSynchronizedRootGroup section */

/* Begin PBXFrameworksBuildPhase section */
		5F6283082DE7564A00E6E00D /* Frameworks */ = {
			isa = PBXFrameworksBuildPhase;
			buildActionMask = 2147483647;
			files = (
			);
			runOnlyForDeploymentPostprocessing = 0;
		};
		5F6283152DE7564D00E6E00D /* Frameworks */ = {
			isa = PBXFrameworksBuildPhase;
			buildActionMask = 2147483647;
			files = (
			);
			runOnlyForDeploymentPostprocessing = 0;
		};
		5F62831F2DE7564D00E6E00D /* Frameworks */ = {
			isa = PBXFrameworksBuildPhase;
			buildActionMask = 2147483647;
			files = (
			);
			runOnlyForDeploymentPostprocessing = 0;
		};
/* End PBXFrameworksBuildPhase section */

/* Begin PBXGroup section */
		5F6283022DE7564A00E6E00D = {
			isa = PBXGroup;
			children = (
				5F62830D2DE7564A00E6E00D /* ios_app_peluquerias */,
				5F62831B2DE7564D00E6E00D /* ios_app_peluqueriasTests */,
				5F6283252DE7564D00E6E00D /* ios_app_peluqueriasUITests */,
				5F62830C2DE7564A00E6E00D /* Products */,
			);
			sourceTree = "<group>";
		};
		5F62830C2DE7564A00E6E00D /* Products */ = {
			isa = PBXGroup;
			children = (
				5F62830B2DE7564A00E6E00D /* ios_app_peluquerias.app */,
				5F6283182DE7564D00E6E00D /* ios_app_peluqueriasTests.xctest */,
				5F6283222DE7564D00E6E00D /* ios_app_peluqueriasUITests.xctest */,
			);
			name = Products;
			sourceTree = "<group>";
		};
/* End PBXGroup section */

/* Begin PBXNativeTarget section */
		5F62830A2DE7564A00E6E00D /* ios_app_peluquerias */ = {
			isa = PBXNativeTarget;
			buildConfigurationList = 5F62832C2DE7564D00E6E00D /* Build configuration list for PBXNativeTarget "ios_app_peluquerias" */;
			buildPhases = (
				5F6283072DE7564A00E6E00D /* Sources */,
				5F6283082DE7564A00E6E00D /* Frameworks */,
				5F6283092DE7564A00E6E00D /* Resources */,
			);
			buildRules = (
			);
			dependencies = (
			);
			fileSystemSynchronizedGroups = (
				5F62830D2DE7564A00E6E00D /* ios_app_peluquerias */,
			);
			name = ios_app_peluquerias;
			packageProductDependencies = (
			);
			productName = ios_app_peluquerias;
			productReference = 5F62830B2DE7564A00E6E00D /* ios_app_peluquerias.app */;
			productType = "com.apple.product-type.application";
		};
		5F6283172DE7564D00E6E00D /* ios_app_peluqueriasTests */ = {
			isa = PBXNativeTarget;
			buildConfigurationList = 5F62832F2DE7564D00E6E00D /* Build configuration list for PBXNativeTarget "ios_app_peluqueriasTests" */;
			buildPhases = (
				5F6283142DE7564D00E6E00D /* Sources */,
				5F6283152DE7564D00E6E00D /* Frameworks */,
				5F6283162DE7564D00E6E00D /* Resources */,
			);
			buildRules = (
			);
			dependencies = (
				5F62831A2DE7564D00E6E00D /* PBXTargetDependency */,
			);
			fileSystemSynchronizedGroups = (
				5F62831B2DE7564D00E6E00D /* ios_app_peluqueriasTests */,
			);
			name = ios_app_peluqueriasTests;
			packageProductDependencies = (
			);
			productName = ios_app_peluqueriasTests;
			productReference = 5F6283182DE7564D00E6E00D /* ios_app_peluqueriasTests.xctest */;
			productType = "com.apple.product-type.bundle.unit-test";
		};
		5F6283212DE7564D00E6E00D /* ios_app_peluqueriasUITests */ = {
			isa = PBXNativeTarget;
			buildConfigurationList = 5F6283322DE7564D00E6E00D /* Build configuration list for PBXNativeTarget "ios_app_peluqueriasUITests" */;
			buildPhases = (
				5F62831E2DE7564D00E6E00D /* Sources */,
				5F62831F2DE7564D00E6E00D /* Frameworks */,
				5F6283202DE7564D00E6E00D /* Resources */,
			);
			buildRules = (
			);
			dependencies = (
				5F6283242DE7564D00E6E00D /* PBXTargetDependency */,
			);
			fileSystemSynchronizedGroups = (
				5F6283252DE7564D00E6E00D /* ios_app_peluqueriasUITests */,
			);
			name = ios_app_peluqueriasUITests;
			packageProductDependencies = (
			);
			productName = ios_app_peluqueriasUITests;
			productReference = 5F6283222DE7564D00E6E00D /* ios_app_peluqueriasUITests.xctest */;
			productType = "com.apple.product-type.bundle.ui-testing";
		};
/* End PBXNativeTarget section */

/* Begin PBXProject section */
		5F6283032DE7564A00E6E00D /* Project object */ = {
			isa = PBXProject;
			attributes = {
				BuildIndependentTargetsInParallel = 1;
				LastSwiftUpdateCheck = 1630;
				LastUpgradeCheck = 1630;
				TargetAttributes = {
					5F62830A2DE7564A00E6E00D = {
						CreatedOnToolsVersion = 16.3;
					};
					5F6283172DE7564D00E6E00D = {
						CreatedOnToolsVersion = 16.3;
						TestTargetID = 5F62830A2DE7564A00E6E00D;
					};
					5F6283212DE7564D00E6E00D = {
						CreatedOnToolsVersion = 16.3;
						TestTargetID = 5F62830A2DE7564A00E6E00D;
					};
				};
			};
			buildConfigurationList = 5F6283062DE7564A00E6E00D /* Build configuration list for PBXProject "ios_app_peluquerias" */;
			developmentRegion = en;
			hasScannedForEncodings = 0;
			knownRegions = (
				en,
				Base,
			);
			mainGroup = 5F6283022DE7564A00E6E00D;
			minimizedProjectReferenceProxies = 1;
			preferredProjectObjectVersion = 77;
			productRefGroup = 5F62830C2DE7564A00E6E00D /* Products */;
			projectDirPath = "";
			projectRoot = "";
			targets = (
				5F62830A2DE7564A00E6E00D /* ios_app_peluquerias */,
				5F6283172DE7564D00E6E00D /* ios_app_peluqueriasTests */,
				5F6283212DE7564D00E6E00D /* ios_app_peluqueriasUITests */,
			);
		};
/* End PBXProject section */

/* Begin PBXResourcesBuildPhase section */
		5F6283092DE7564A00E6E00D /* Resources */ = {
			isa = PBXResourcesBuildPhase;
			buildActionMask = 2147483647;
			files = (
			);
			runOnlyForDeploymentPostprocessing = 0;
		};
		5F6283162DE7564D00E6E00D /* Resources */ = {
			isa = PBXResourcesBuildPhase;
			buildActionMask = 2147483647;
			files = (
			);
			runOnlyForDeploymentPostprocessing = 0;
		};
		5F6283202DE7564D00E6E00D /* Resources */ = {
			isa = PBXResourcesBuildPhase;
			buildActionMask = 2147483647;
			files = (
			);
			runOnlyForDeploymentPostprocessing = 0;
		};
/* End PBXResourcesBuildPhase section */

/* Begin PBXSourcesBuildPhase section */
		5F6283072DE7564A00E6E00D /* Sources */ = {
			isa = PBXSourcesBuildPhase;
			buildActionMask = 2147483647;
			files = (
			);
			runOnlyForDeploymentPostprocessing = 0;
		};
		5F6283142DE7564D00E6E00D /* Sources */ = {
			isa = PBXSourcesBuildPhase;
			buildActionMask = 2147483647;
			files = (
			);
			runOnlyForDeploymentPostprocessing = 0;
		};
		5F62831E2DE7564D00E6E00D /* Sources */ = {
			isa = PBXSourcesBuildPhase;
			buildActionMask = 2147483647;
			files = (
			);
			runOnlyForDeploymentPostprocessing = 0;
		};
/* End PBXSourcesBuildPhase section */

/* Begin PBXTargetDependency section */
		5F62831A2DE7564D00E6E00D /* PBXTargetDependency */ = {
			isa = PBXTargetDependency;
			target = 5F62830A2DE7564A00E6E00D /* ios_app_peluquerias */;
			targetProxy = 5F6283192DE7564D00E6E00D /* PBXContainerItemProxy */;
		};
		5F6283242DE7564D00E6E00D /* PBXTargetDependency */ = {
			isa = PBXTargetDependency;
			target = 5F62830A2DE7564A00E6E00D /* ios_app_peluquerias */;
			targetProxy = 5F6283232DE7564D00E6E00D /* PBXContainerItemProxy */;
		};
/* End PBXTargetDependency section */

/* Begin XCBuildConfiguration section */
		5F62832A2DE7564D00E6E00D /* Debug */ = {
			isa = XCBuildConfiguration;
			buildSettings = {
				ALWAYS_SEARCH_USER_PATHS = NO;
				ASSETCATALOG_COMPILER_GENERATE_SWIFT_ASSET_SYMBOL_EXTENSIONS = YES;
				CLANG_ANALYZER_NONNULL = YES;
				CLANG_ANALYZER_NUMBER_OBJECT_CONVERSION = YES_AGGRESSIVE;
				CLANG_CXX_LANGUAGE_STANDARD = "gnu++20";
				CLANG_ENABLE_MODULES = YES;
				CLANG_ENABLE_OBJC_ARC = YES;
				CLANG_ENABLE_OBJC_WEAK = YES;
				CLANG_WARN_BLOCK_CAPTURE_AUTORELEASING = YES;
				CLANG_WARN_BOOL_CONVERSION = YES;
				CLANG_WARN_COMMA = YES;
				CLANG_WARN_CONSTANT_CONVERSION = YES;
				CLANG_WARN_DEPRECATED_OBJC_IMPLEMENTATIONS = YES;
				CLANG_WARN_DIRECT_OBJC_ISA_USAGE = YES_ERROR;
				CLANG_WARN_DOCUMENTATION_COMMENTS = YES;
				CLANG_WARN_EMPTY_BODY = YES;
				CLANG_WARN_ENUM_CONVERSION = YES;
				CLANG_WARN_INFINITE_RECURSION = YES;
				CLANG_WARN_INT_CONVERSION = YES;
				CLANG_WARN_NON_LITERAL_NULL_CONVERSION = YES;
				CLANG_WARN_OBJC_IMPLICIT_RETAIN_SELF = YES;
				CLANG_WARN_OBJC_LITERAL_CONVERSION = YES;
				CLANG_WARN_OBJC_ROOT_CLASS = YES_ERROR;
				CLANG_WARN_QUOTED_INCLUDE_IN_FRAMEWORK_HEADER = YES;
				CLANG_WARN_RANGE_LOOP_ANALYSIS = YES;
				CLANG_WARN_STRICT_PROTOTYPES = YES;
				CLANG_WARN_SUSPICIOUS_MOVE = YES;
				CLANG_WARN_UNGUARDED_AVAILABILITY = YES_AGGRESSIVE;
				CLANG_WARN_UNREACHABLE_CODE = YES;
				CLANG_WARN__DUPLICATE_METHOD_MATCH = YES;
				COPY_PHASE_STRIP = NO;
				DEBUG_INFORMATION_FORMAT = dwarf;
				DEVELOPMENT_TEAM = GN3W263F9C;
				ENABLE_STRICT_OBJC_MSGSEND = YES;
				ENABLE_TESTABILITY = YES;
				ENABLE_USER_SCRIPT_SANDBOXING = YES;
				GCC_C_LANGUAGE_STANDARD = gnu17;
				GCC_DYNAMIC_NO_PIC = NO;
				GCC_NO_COMMON_BLOCKS = YES;
				GCC_OPTIMIZATION_LEVEL = 0;
				GCC_PREPROCESSOR_DEFINITIONS = (
					"DEBUG=1",
					"$(inherited)",
				);
				GCC_WARN_64_TO_32_BIT_CONVERSION = YES;
				GCC_WARN_ABOUT_RETURN_TYPE = YES_ERROR;
				GCC_WARN_UNDECLARED_SELECTOR = YES;
				GCC_WARN_UNINITIALIZED_AUTOS = YES_AGGRESSIVE;
				GCC_WARN_UNUSED_FUNCTION = YES;
				GCC_WARN_UNUSED_VARIABLE = YES;
				IPHONEOS_DEPLOYMENT_TARGET = 18.4;
				LOCALIZATION_PREFERS_STRING_CATALOGS = YES;
				MTL_ENABLE_DEBUG_INFO = INCLUDE_SOURCE;
				MTL_FAST_MATH = YES;
				ONLY_ACTIVE_ARCH = YES;
				SDKROOT = iphoneos;
				SWIFT_ACTIVE_COMPILATION_CONDITIONS = "DEBUG $(inherited)";
				SWIFT_OPTIMIZATION_LEVEL = "-Onone";
			};
			name = Debug;
		};
		5F62832B2DE7564D00E6E00D /* Release */ = {
			isa = XCBuildConfiguration;
			buildSettings = {
				ALWAYS_SEARCH_USER_PATHS = NO;
				ASSETCATALOG_COMPILER_GENERATE_SWIFT_ASSET_SYMBOL_EXTENSIONS = YES;
				CLANG_ANALYZER_NONNULL = YES;
				CLANG_ANALYZER_NUMBER_OBJECT_CONVERSION = YES_AGGRESSIVE;
				CLANG_CXX_LANGUAGE_STANDARD = "gnu++20";
				CLANG_ENABLE_MODULES = YES;
				CLANG_ENABLE_OBJC_ARC = YES;
				CLANG_ENABLE_OBJC_WEAK = YES;
				CLANG_WARN_BLOCK_CAPTURE_AUTORELEASING = YES;
				CLANG_WARN_BOOL_CONVERSION = YES;
				CLANG_WARN_COMMA = YES;
				CLANG_WARN_CONSTANT_CONVERSION = YES;
				CLANG_WARN_DEPRECATED_OBJC_IMPLEMENTATIONS = YES;
				CLANG_WARN_DIRECT_OBJC_ISA_USAGE = YES_ERROR;
				CLANG_WARN_DOCUMENTATION_COMMENTS = YES;
				CLANG_WARN_EMPTY_BODY = YES;
				CLANG_WARN_ENUM_CONVERSION = YES;
				CLANG_WARN_INFINITE_RECURSION = YES;
				CLANG_WARN_INT_CONVERSION = YES;
				CLANG_WARN_NON_LITERAL_NULL_CONVERSION = YES;
				CLANG_WARN_OBJC_IMPLICIT_RETAIN_SELF = YES;
				CLANG_WARN_OBJC_LITERAL_CONVERSION = YES;
				CLANG_WARN_OBJC_ROOT_CLASS = YES_ERROR;
				CLANG_WARN_QUOTED_INCLUDE_IN_FRAMEWORK_HEADER = YES;
				CLANG_WARN_RANGE_LOOP_ANALYSIS = YES;
				CLANG_WARN_STRICT_PROTOTYPES = YES;
				CLANG_WARN_SUSPICIOUS_MOVE = YES;
				CLANG_WARN_UNGUARDED_AVAILABILITY = YES_AGGRESSIVE;
				CLANG_WARN_UNREACHABLE_CODE = YES;
				CLANG_WARN__DUPLICATE_METHOD_MATCH = YES;
				COPY_PHASE_STRIP = NO;
				DEBUG_INFORMATION_FORMAT = "dwarf-with-dsym";
				DEVELOPMENT_TEAM = GN3W263F9C;
				ENABLE_NS_ASSERTIONS = NO;
				ENABLE_STRICT_OBJC_MSGSEND = YES;
				ENABLE_USER_SCRIPT_SANDBOXING = YES;
				GCC_C_LANGUAGE_STANDARD = gnu17;
				GCC_NO_COMMON_BLOCKS = YES;
				GCC_WARN_64_TO_32_BIT_CONVERSION = YES;
				GCC_WARN_ABOUT_RETURN_TYPE = YES_ERROR;
				GCC_WARN_UNDECLARED_SELECTOR = YES;
				GCC_WARN_UNINITIALIZED_AUTOS = YES_AGGRESSIVE;
				GCC_WARN_UNUSED_FUNCTION = YES;
				GCC_WARN_UNUSED_VARIABLE = YES;
				IPHONEOS_DEPLOYMENT_TARGET = 18.4;
				LOCALIZATION_PREFERS_STRING_CATALOGS = YES;
				MTL_ENABLE_DEBUG_INFO = NO;
				MTL_FAST_MATH = YES;
				SDKROOT = iphoneos;
				SWIFT_COMPILATION_MODE = wholemodule;
				VALIDATE_PRODUCT = YES;
			};
			name = Release;
		};
		5F62832D2DE7564D00E6E00D /* Debug */ = {
			isa = XCBuildConfiguration;
			buildSettings = {
				ASSETCATALOG_COMPILER_APPICON_NAME = AppIcon;
				ASSETCATALOG_COMPILER_GLOBAL_ACCENT_COLOR_NAME = AccentColor;
				CODE_SIGN_STYLE = Automatic;
				CURRENT_PROJECT_VERSION = 1;
				DEVELOPMENT_TEAM = GN3W263F9C;
				ENABLE_PREVIEWS = YES;
				GENERATE_INFOPLIST_FILE = YES;
				INFOPLIST_KEY_UIApplicationSceneManifest_Generation = YES;
				INFOPLIST_KEY_UIApplicationSupportsIndirectInputEvents = YES;
				INFOPLIST_KEY_UILaunchScreen_Generation = YES;
				INFOPLIST_KEY_UISupportedInterfaceOrientations_iPad = "UIInterfaceOrientationPortrait UIInterfaceOrientationPortraitUpsideDown UIInterfaceOrientationLandscapeLeft UIInterfaceOrientationLandscapeRight";
				INFOPLIST_KEY_UISupportedInterfaceOrientations_iPhone = "UIInterfaceOrientationPortrait UIInterfaceOrientationLandscapeLeft UIInterfaceOrientationLandscapeRight";
				LD_RUNPATH_SEARCH_PATHS = (
					"$(inherited)",
					"@executable_path/Frameworks",
				);
				MARKETING_VERSION = 1.0;
				PRODUCT_BUNDLE_IDENTIFIER = "ios-app-peluquerias.ios-app-peluquerias";
				PRODUCT_NAME = "$(TARGET_NAME)";
				SWIFT_EMIT_LOC_STRINGS = YES;
				SWIFT_VERSION = 5.0;
				TARGETED_DEVICE_FAMILY = "1,2";
			};
			name = Debug;
		};
		5F62832E2DE7564D00E6E00D /* Release */ = {
			isa = XCBuildConfiguration;
			buildSettings = {
				ASSETCATALOG_COMPILER_APPICON_NAME = AppIcon;
				ASSETCATALOG_COMPILER_GLOBAL_ACCENT_COLOR_NAME = AccentColor;
				CODE_SIGN_STYLE = Automatic;
				CURRENT_PROJECT_VERSION = 1;
				DEVELOPMENT_TEAM = GN3W263F9C;
				ENABLE_PREVIEWS = YES;
				GENERATE_INFOPLIST_FILE = YES;
				INFOPLIST_KEY_UIApplicationSceneManifest_Generation = YES;
				INFOPLIST_KEY_UIApplicationSupportsIndirectInputEvents = YES;
				INFOPLIST_KEY_UILaunchScreen_Generation = YES;
				INFOPLIST_KEY_UISupportedInterfaceOrientations_iPad = "UIInterfaceOrientationPortrait UIInterfaceOrientationPortraitUpsideDown UIInterfaceOrientationLandscapeLeft UIInterfaceOrientationLandscapeRight";
				INFOPLIST_KEY_UISupportedInterfaceOrientations_iPhone = "UIInterfaceOrientationPortrait UIInterfaceOrientationLandscapeLeft UIInterfaceOrientationLandscapeRight";
				LD_RUNPATH_SEARCH_PATHS = (
					"$(inherited)",
					"@executable_path/Frameworks",
				);
				MARKETING_VERSION = 1.0;
				PRODUCT_BUNDLE_IDENTIFIER = "ios-app-peluquerias.ios-app-peluquerias";
				PRODUCT_NAME = "$(TARGET_NAME)";
				SWIFT_EMIT_LOC_STRINGS = YES;
				SWIFT_VERSION = 5.0;
				TARGETED_DEVICE_FAMILY = "1,2";
			};
			name = Release;
		};
		5F6283302DE7564D00E6E00D /* Debug */ = {
			isa = XCBuildConfiguration;
			buildSettings = {
				BUNDLE_LOADER = "$(TEST_HOST)";
				CODE_SIGN_STYLE = Automatic;
				CURRENT_PROJECT_VERSION = 1;
				DEVELOPMENT_TEAM = GN3W263F9C;
				GENERATE_INFOPLIST_FILE = YES;
				IPHONEOS_DEPLOYMENT_TARGET = 18.4;
				MARKETING_VERSION = 1.0;
				PRODUCT_BUNDLE_IDENTIFIER = "ios-app-peluquerias.ios-app-peluqueriasTests";
				PRODUCT_NAME = "$(TARGET_NAME)";
				SWIFT_EMIT_LOC_STRINGS = NO;
				SWIFT_VERSION = 5.0;
				TARGETED_DEVICE_FAMILY = "1,2";
				TEST_HOST = "$(BUILT_PRODUCTS_DIR)/ios_app_peluquerias.app/$(BUNDLE_EXECUTABLE_FOLDER_PATH)/ios_app_peluquerias";
			};
			name = Debug;
		};
		5F6283312DE7564D00E6E00D /* Release */ = {
			isa = XCBuildConfiguration;
			buildSettings = {
				BUNDLE_LOADER = "$(TEST_HOST)";
				CODE_SIGN_STYLE = Automatic;
				CURRENT_PROJECT_VERSION = 1;
				DEVELOPMENT_TEAM = GN3W263F9C;
				GENERATE_INFOPLIST_FILE = YES;
				IPHONEOS_DEPLOYMENT_TARGET = 18.4;
				MARKETING_VERSION = 1.0;
				PRODUCT_BUNDLE_IDENTIFIER = "ios-app-peluquerias.ios-app-peluqueriasTests";
				PRODUCT_NAME = "$(TARGET_NAME)";
				SWIFT_EMIT_LOC_STRINGS = NO;
				SWIFT_VERSION = 5.0;
				TARGETED_DEVICE_FAMILY = "1,2";
				TEST_HOST = "$(BUILT_PRODUCTS_DIR)/ios_app_peluquerias.app/$(BUNDLE_EXECUTABLE_FOLDER_PATH)/ios_app_peluquerias";
			};
			name = Release;
		};
		5F6283332DE7564D00E6E00D /* Debug */ = {
			isa = XCBuildConfiguration;
			buildSettings = {
				CODE_SIGN_STYLE = Automatic;
				CURRENT_PROJECT_VERSION = 1;
				DEVELOPMENT_TEAM = GN3W263F9C;
				GENERATE_INFOPLIST_FILE = YES;
				MARKETING_VERSION = 1.0;
				PRODUCT_BUNDLE_IDENTIFIER = "ios-app-peluquerias.ios-app-peluqueriasUITests";
				PRODUCT_NAME = "$(TARGET_NAME)";
				SWIFT_EMIT_LOC_STRINGS = NO;
				SWIFT_VERSION = 5.0;
				TARGETED_DEVICE_FAMILY = "1,2";
				TEST_TARGET_NAME = ios_app_peluquerias;
			};
			name = Debug;
		};
		5F6283342DE7564D00E6E00D /* Release */ = {
			isa = XCBuildConfiguration;
			buildSettings = {
				CODE_SIGN_STYLE = Automatic;
				CURRENT_PROJECT_VERSION = 1;
				DEVELOPMENT_TEAM = GN3W263F9C;
				GENERATE_INFOPLIST_FILE = YES;
				MARKETING_VERSION = 1.0;
				PRODUCT_BUNDLE_IDENTIFIER = "ios-app-peluquerias.ios-app-peluqueriasUITests";
				PRODUCT_NAME = "$(TARGET_NAME)";
				SWIFT_EMIT_LOC_STRINGS = NO;
				SWIFT_VERSION = 5.0;
				TARGETED_DEVICE_FAMILY = "1,2";
				TEST_TARGET_NAME = ios_app_peluquerias;
			};
			name = Release;
		};
/* End XCBuildConfiguration section */

/* Begin XCConfigurationList section */
		5F6283062DE7564A00E6E00D /* Build configuration list for PBXProject "ios_app_peluquerias" */ = {
			isa = XCConfigurationList;
			buildConfigurations = (
				5F62832A2DE7564D00E6E00D /* Debug */,
				5F62832B2DE7564D00E6E00D /* Release */,
			);
			defaultConfigurationIsVisible = 0;
			defaultConfigurationName = Release;
		};
		5F62832C2DE7564D00E6E00D /* Build configuration list for PBXNativeTarget "ios_app_peluquerias" */ = {
			isa = XCConfigurationList;
			buildConfigurations = (
				5F62832D2DE7564D00E6E00D /* Debug */,
				5F62832E2DE7564D00E6E00D /* Release */,
			);
			defaultConfigurationIsVisible = 0;
			defaultConfigurationName = Release;
		};
		5F62832F2DE7564D00E6E00D /* Build configuration list for PBXNativeTarget "ios_app_peluqueriasTests" */ = {
			isa = XCConfigurationList;
			buildConfigurations = (
				5F6283302DE7564D00E6E00D /* Debug */,
				5F6283312DE7564D00E6E00D /* Release */,
			);
			defaultConfigurationIsVisible = 0;
			defaultConfigurationName = Release;
		};
		5F6283322DE7564D00E6E00D /* Build configuration list for PBXNativeTarget "ios_app_peluqueriasUITests" */ = {
			isa = XCConfigurationList;
			buildConfigurations = (
				5F6283332DE7564D00E6E00D /* Debug */,
				5F6283342DE7564D00E6E00D /* Release */,
			);
			defaultConfigurationIsVisible = 0;
			defaultConfigurationName = Release;
		};
/* End XCConfigurationList section */
	};
	rootObject = 5F6283032DE7564A00E6E00D /* Project object */;
}
